
Microsoft Visual Studio Solution File, Format Version 12.00
# Visual Studio Version 16
VisualStudioVersion = 16.0.29613.14
MinimumVisualStudioVersion = 10.0.40219.1
Project("{FAE04EC0-301F-11D3-BF4B-00C04F79EFBC}") = "CoinFlip", "CoinFlip\CoinFlip.csproj", "{6FB3FC6B-1D0A-45BD-9682-E309E891A06B}"
EndProject
Global
	GlobalSection(SolutionConfigurationPlatforms) = preSolution
		Debug|Any CPU = Debug|Any CPU
		Release|Any CPU = Release|Any CPU
	EndGlobalSection
	GlobalSection(ProjectConfigurationPlatforms) = postSolution
		{6FB3FC6B-1D0A-45BD-9682-E309E891A06B}.Debug|Any CPU.ActiveCfg = Debug|Any CPU
		{6FB3FC6B-1D0A-45BD-9682-E309E891A06B}.Debug|Any CPU.Build.0 = Debug|Any CPU
		{6FB3FC6B-1D0A-45BD-9682-E309E891A06B}.Release|Any CPU.ActiveCfg = Release|Any CPU
		{6FB3FC6B-1D0A-45BD-9682-E309E891A06B}.Release|Any CPU.Build.0 = Release|Any CPU
	EndGlobalSection
	GlobalSection(SolutionProperties) = preSolution
		HideSolutionNode = FALSE
	EndGlobalSection
	GlobalSection(ExtensibilityGlobals) = postSolution
		SolutionGuid = {F9B105B6-D8C5-4023-86A4-01B5ECF9733C}
	EndGlobalSection
EndGlobal
